
Microsoft Visual Studio Solution File, Format Version 12.00
# Visual Studio 2012
Project("{FAE04EC0-301F-11D3-BF4B-00C04F79EFBC}") = "XFTheme", "XFTheme\XFTheme.csproj", "{1BF17B23-ACCB-4570-A686-0F72D8577A83}"
EndProject
Project("{FAE04EC0-301F-11D3-BF4B-00C04F79EFBC}") = "XFTheme.iOS", "iOS\XFTheme.iOS.csproj", "{56C08E65-C837-47DB-95F3-87D13482E67A}"
EndProject
Project("{FAE04EC0-301F-11D3-BF4B-00C04F79EFBC}") = "XFTheme.Droid", "Droid\XFTheme.Droid.csproj", "{CB3457DC-0611-43D8-A444-AFD8349247CA}"
EndProject
Project("{FAE04EC0-301F-11D3-BF4B-00C04F79EFBC}") = "XFTheme.UITests", "UITests\XFTheme.UITests.csproj", "{8B7EF263-6B28-4747-8139-6E13E2CA0DA9}"
EndProject
Global
	GlobalSection(SolutionConfigurationPlatforms) = preSolution
		Debug|Any CPU = Debug|Any CPU
		Release|Any CPU = Release|Any CPU
		Debug|iPhoneSimulator = Debug|iPhoneSimulator
		Release|iPhone = Release|iPhone
		Release|iPhoneSimulator = Release|iPhoneSimulator
		Debug|iPhone = Debug|iPhone
	EndGlobalSection
	GlobalSection(ProjectConfigurationPlatforms) = postSolution
		{1BF17B23-ACCB-4570-A686-0F72D8577A83}.Debug|Any CPU.ActiveCfg = Debug|Any CPU
		{1BF17B23-ACCB-4570-A686-0F72D8577A83}.Debug|Any CPU.Build.0 = Debug|Any CPU
		{1BF17B23-ACCB-4570-A686-0F72D8577A83}.Release|Any CPU.ActiveCfg = Release|Any CPU
		{1BF17B23-ACCB-4570-A686-0F72D8577A83}.Release|Any CPU.Build.0 = Release|Any CPU
		{1BF17B23-ACCB-4570-A686-0F72D8577A83}.Debug|iPhoneSimulator.ActiveCfg = Debug|Any CPU
		{1BF17B23-ACCB-4570-A686-0F72D8577A83}.Debug|iPhoneSimulator.Build.0 = Debug|Any CPU
		{1BF17B23-ACCB-4570-A686-0F72D8577A83}.Release|iPhone.ActiveCfg = Release|Any CPU
		{1BF17B23-ACCB-4570-A686-0F72D8577A83}.Release|iPhone.Build.0 = Release|Any CPU
		{1BF17B23-ACCB-4570-A686-0F72D8577A83}.Release|iPhoneSimulator.ActiveCfg = Release|Any CPU
		{1BF17B23-ACCB-4570-A686-0F72D8577A83}.Release|iPhoneSimulator.Build.0 = Release|Any CPU
		{1BF17B23-ACCB-4570-A686-0F72D8577A83}.Debug|iPhone.ActiveCfg = Debug|Any CPU
		{1BF17B23-ACCB-4570-A686-0F72D8577A83}.Debug|iPhone.Build.0 = Debug|Any CPU
		{56C08E65-C837-47DB-95F3-87D13482E67A}.Debug|Any CPU.ActiveCfg = Debug|iPhoneSimulator
		{56C08E65-C837-47DB-95F3-87D13482E67A}.Debug|Any CPU.Build.0 = Debug|iPhoneSimulator
		{56C08E65-C837-47DB-95F3-87D13482E67A}.Release|Any CPU.ActiveCfg = Release|iPhone
		{56C08E65-C837-47DB-95F3-87D13482E67A}.Release|Any CPU.Build.0 = Release|iPhone
		{56C08E65-C837-47DB-95F3-87D13482E67A}.Debug|iPhoneSimulator.ActiveCfg = Debug|iPhoneSimulator
		{56C08E65-C837-47DB-95F3-87D13482E67A}.Debug|iPhoneSimulator.Build.0 = Debug|iPhoneSimulator
		{56C08E65-C837-47DB-95F3-87D13482E67A}.Release|iPhone.ActiveCfg = Release|iPhone
		{56C08E65-C837-47DB-95F3-87D13482E67A}.Release|iPhone.Build.0 = Release|iPhone
		{56C08E65-C837-47DB-95F3-87D13482E67A}.Release|iPhoneSimulator.ActiveCfg = Release|iPhoneSimulator
		{56C08E65-C837-47DB-95F3-87D13482E67A}.Release|iPhoneSimulator.Build.0 = Release|iPhoneSimulator
		{56C08E65-C837-47DB-95F3-87D13482E67A}.Debug|iPhone.ActiveCfg = Debug|iPhone
		{56C08E65-C837-47DB-95F3-87D13482E67A}.Debug|iPhone.Build.0 = Debug|iPhone
		{CB3457DC-0611-43D8-A444-AFD8349247CA}.Debug|Any CPU.ActiveCfg = Debug|Any CPU
		{CB3457DC-0611-43D8-A444-AFD8349247CA}.Debug|Any CPU.Build.0 = Debug|Any CPU
		{CB3457DC-0611-43D8-A444-AFD8349247CA}.Release|Any CPU.ActiveCfg = Release|Any CPU
		{CB3457DC-0611-43D8-A444-AFD8349247CA}.Release|Any CPU.Build.0 = Release|Any CPU
		{CB3457DC-0611-43D8-A444-AFD8349247CA}.Debug|iPhoneSimulator.ActiveCfg = Debug|Any CPU
		{CB3457DC-0611-43D8-A444-AFD8349247CA}.Debug|iPhoneSimulator.Build.0 = Debug|Any CPU
		{CB3457DC-0611-43D8-A444-AFD8349247CA}.Release|iPhone.ActiveCfg = Release|Any CPU
		{CB3457DC-0611-43D8-A444-AFD8349247CA}.Release|iPhone.Build.0 = Release|Any CPU
		{CB3457DC-0611-43D8-A444-AFD8349247CA}.Release|iPhoneSimulator.ActiveCfg = Release|Any CPU
		{CB3457DC-0611-43D8-A444-AFD8349247CA}.Release|iPhoneSimulator.Build.0 = Release|Any CPU
		{CB3457DC-0611-43D8-A444-AFD8349247CA}.Debug|iPhone.ActiveCfg = Debug|Any CPU
		{CB3457DC-0611-43D8-A444-AFD8349247CA}.Debug|iPhone.Build.0 = Debug|Any CPU
		{8B7EF263-6B28-4747-8139-6E13E2CA0DA9}.Debug|Any CPU.ActiveCfg = Debug|Any CPU
		{8B7EF263-6B28-4747-8139-6E13E2CA0DA9}.Debug|Any CPU.Build.0 = Debug|Any CPU
		{8B7EF263-6B28-4747-8139-6E13E2CA0DA9}.Release|Any CPU.ActiveCfg = Release|Any CPU
		{8B7EF263-6B28-4747-8139-6E13E2CA0DA9}.Release|Any CPU.Build.0 = Release|Any CPU
		{8B7EF263-6B28-4747-8139-6E13E2CA0DA9}.Debug|iPhoneSimulator.ActiveCfg = Debug|Any CPU
		{8B7EF263-6B28-4747-8139-6E13E2CA0DA9}.Debug|iPhoneSimulator.Build.0 = Debug|Any CPU
		{8B7EF263-6B28-4747-8139-6E13E2CA0DA9}.Release|iPhone.ActiveCfg = Release|Any CPU
		{8B7EF263-6B28-4747-8139-6E13E2CA0DA9}.Release|iPhone.Build.0 = Release|Any CPU
		{8B7EF263-6B28-4747-8139-6E13E2CA0DA9}.Release|iPhoneSimulator.ActiveCfg = Release|Any CPU
		{8B7EF263-6B28-4747-8139-6E13E2CA0DA9}.Release|iPhoneSimulator.Build.0 = Release|Any CPU
		{8B7EF263-6B28-4747-8139-6E13E2CA0DA9}.Debug|iPhone.ActiveCfg = Debug|Any CPU
		{8B7EF263-6B28-4747-8139-6E13E2CA0DA9}.Debug|iPhone.Build.0 = Debug|Any CPU
	EndGlobalSection
EndGlobal
